// !$*UTF8*$!
{
	archiveVersion = 1;
	classes = {
	};
	objectVersion = 50;
	objects = {

/* Begin PBXBuildFile section */
		A245893824D1882A0092B0E0 /* CoreViewModel.swift in Sources */ = {isa = PBXBuildFile; fileRef = A245893724D1882A0092B0E0 /* CoreViewModel.swift */; };
		A2EE238D24D034C900BA6996 /* SearchName.h in Headers */ = {isa = PBXBuildFile; fileRef = A2EE238B24D034C900BA6996 /* SearchName.h */; settings = {ATTRIBUTES = (Public, ); }; };
		A2EE239424D034D500BA6996 /* Core.swift in Sources */ = {isa = PBXBuildFile; fileRef = A2EE239324D034D500BA6996 /* Core.swift */; };
		A2FD7EFA24D03C2B005724ED /* BaseModule.framework in Frameworks */ = {isa = PBXBuildFile; fileRef = A2FD7EF924D03C2B005724ED /* BaseModule.framework */; };
		A2FD7EFB24D03C2B005724ED /* BaseModule.framework in Embed Frameworks */ = {isa = PBXBuildFile; fileRef = A2FD7EF924D03C2B005724ED /* BaseModule.framework */; settings = {ATTRIBUTES = (CodeSignOnCopy, RemoveHeadersOnCopy, ); }; };
		BBA10F4F7ED9A795D8B986AF /* libPods-SearchName.a in Frameworks */ = {isa = PBXBuildFile; fileRef = ED183C44C46D80104DB087EB /* libPods-SearchName.a */; };
/* End PBXBuildFile section */

/* Begin PBXCopyFilesBuildPhase section */
		A2FD7EFC24D03C2B005724ED /* Embed Frameworks */ = {
			isa = PBXCopyFilesBuildPhase;
			buildActionMask = 2147483647;
			dstPath = "";
			dstSubfolderSpec = 10;
			files = (
				A2FD7EFB24D03C2B005724ED /* BaseModule.framework in Embed Frameworks */,
			);
			name = "Embed Frameworks";
			runOnlyForDeploymentPostprocessing = 0;
		};
/* End PBXCopyFilesBuildPhase section */

/* Begin PBXFileReference section */
		58557F3AB80DE991B67D48AF /* Pods-SearchName.debug.xcconfig */ = {isa = PBXFileReference; includeInIndex = 1; lastKnownFileType = text.xcconfig; name = "Pods-SearchName.debug.xcconfig"; path = "Target Support Files/Pods-SearchName/Pods-SearchName.debug.xcconfig"; sourceTree = "<group>"; };
		A245893724D1882A0092B0E0 /* CoreViewModel.swift */ = {isa = PBXFileReference; lastKnownFileType = sourcecode.swift; path = CoreViewModel.swift; sourceTree = "<group>"; };
		A2EE238824D034C900BA6996 /* SearchName.framework */ = {isa = PBXFileReference; explicitFileType = wrapper.framework; includeInIndex = 0; path = SearchName.framework; sourceTree = BUILT_PRODUCTS_DIR; };
		A2EE238B24D034C900BA6996 /* SearchName.h */ = {isa = PBXFileReference; lastKnownFileType = sourcecode.c.h; path = SearchName.h; sourceTree = "<group>"; };
		A2EE238C24D034C900BA6996 /* Info.plist */ = {isa = PBXFileReference; lastKnownFileType = text.plist.xml; path = Info.plist; sourceTree = "<group>"; };
		A2EE239324D034D500BA6996 /* Core.swift */ = {isa = PBXFileReference; lastKnownFileType = sourcecode.swift; path = Core.swift; sourceTree = "<group>"; };
		A2FD7EF924D03C2B005724ED /* BaseModule.framework */ = {isa = PBXFileReference; explicitFileType = wrapper.framework; path = BaseModule.framework; sourceTree = BUILT_PRODUCTS_DIR; };
		B64242B3C47D92149DF0BD26 /* Pods-SearchName.release.xcconfig */ = {isa = PBXFileReference; includeInIndex = 1; lastKnownFileType = text.xcconfig; name = "Pods-SearchName.release.xcconfig"; path = "Target Support Files/Pods-SearchName/Pods-SearchName.release.xcconfig"; sourceTree = "<group>"; };
		ED183C44C46D80104DB087EB /* libPods-SearchName.a */ = {isa = PBXFileReference; explicitFileType = archive.ar; includeInIndex = 0; path = "libPods-SearchName.a"; sourceTree = BUILT_PRODUCTS_DIR; };
/* End PBXFileReference section */

/* Begin PBXFrameworksBuildPhase section */
		A2EE238524D034C900BA6996 /* Frameworks */ = {
			isa = PBXFrameworksBuildPhase;
			buildActionMask = 2147483647;
			files = (
				BBA10F4F7ED9A795D8B986AF /* libPods-SearchName.a in Frameworks */,
				A2FD7EFA24D03C2B005724ED /* BaseModule.framework in Frameworks */,
			);
			runOnlyForDeploymentPostprocessing = 0;
		};
/* End PBXFrameworksBuildPhase section */

/* Begin PBXGroup section */
		679E3CAE33DD3752D2A37334 /* Pods */ = {
			isa = PBXGroup;
			children = (
				58557F3AB80DE991B67D48AF /* Pods-SearchName.debug.xcconfig */,
				B64242B3C47D92149DF0BD26 /* Pods-SearchName.release.xcconfig */,
			);
			name = Pods;
			path = ../Pods;
			sourceTree = "<group>";
		};
		A245893624D188020092B0E0 /* ViewModel */ = {
			isa = PBXGroup;
			children = (
				A245893724D1882A0092B0E0 /* CoreViewModel.swift */,
			);
			path = ViewModel;
			sourceTree = "<group>";
		};
		A2EE237E24D034C900BA6996 = {
			isa = PBXGroup;
			children = (
				A2EE238A24D034C900BA6996 /* SearchName */,
				A2EE238924D034C900BA6996 /* Products */,
				679E3CAE33DD3752D2A37334 /* Pods */,
				F9997D5A17004E7C3FE7A32E /* Frameworks */,
			);
			sourceTree = "<group>";
		};
		A2EE238924D034C900BA6996 /* Products */ = {
			isa = PBXGroup;
			children = (
				A2EE238824D034C900BA6996 /* SearchName.framework */,
			);
			name = Products;
			sourceTree = "<group>";
		};
		A2EE238A24D034C900BA6996 /* SearchName */ = {
			isa = PBXGroup;
			children = (
				A245893624D188020092B0E0 /* ViewModel */,
				A2EE238B24D034C900BA6996 /* SearchName.h */,
				A2EE238C24D034C900BA6996 /* Info.plist */,
				A2EE239324D034D500BA6996 /* Core.swift */,
			);
			path = SearchName;
			sourceTree = "<group>";
		};
		F9997D5A17004E7C3FE7A32E /* Frameworks */ = {
			isa = PBXGroup;
			children = (
				ED183C44C46D80104DB087EB /* libPods-SearchName.a */,
				A2FD7EF924D03C2B005724ED /* BaseModule.framework */,
			);
			name = Frameworks;
			sourceTree = "<group>";
		};
/* End PBXGroup section */

/* Begin PBXHeadersBuildPhase section */
		A2EE238324D034C900BA6996 /* Headers */ = {
			isa = PBXHeadersBuildPhase;
			buildActionMask = 2147483647;
			files = (
				A2EE238D24D034C900BA6996 /* SearchName.h in Headers */,
			);
			runOnlyForDeploymentPostprocessing = 0;
		};
/* End PBXHeadersBuildPhase section */

/* Begin PBXNativeTarget section */
		A2EE238724D034C900BA6996 /* SearchName */ = {
			isa = PBXNativeTarget;
			buildConfigurationList = A2EE239024D034C900BA6996 /* Build configuration list for PBXNativeTarget "SearchName" */;
			buildPhases = (
				0878F92C0D7AF7779D6B216F /* [CP] Check Pods Manifest.lock */,
				A2EE238324D034C900BA6996 /* Headers */,
				A2EE238424D034C900BA6996 /* Sources */,
				A2EE238524D034C900BA6996 /* Frameworks */,
				A2EE238624D034C900BA6996 /* Resources */,
				A2FD7EFC24D03C2B005724ED /* Embed Frameworks */,
			);
			buildRules = (
			);
			dependencies = (
			);
			name = SearchName;
			productName = SearchName;
			productReference = A2EE238824D034C900BA6996 /* SearchName.framework */;
			productType = "com.apple.product-type.framework";
		};
/* End PBXNativeTarget section */

/* Begin PBXProject section */
		A2EE237F24D034C900BA6996 /* Project object */ = {
			isa = PBXProject;
			attributes = {
				LastUpgradeCheck = 1150;
				ORGANIZATIONNAME = "Mohamed Korany";
				TargetAttributes = {
					A2EE238724D034C900BA6996 = {
						CreatedOnToolsVersion = 11.5;
						LastSwiftMigration = 1150;
					};
				};
			};
			buildConfigurationList = A2EE238224D034C900BA6996 /* Build configuration list for PBXProject "SearchName" */;
			compatibilityVersion = "Xcode 9.3";
			developmentRegion = en;
			hasScannedForEncodings = 0;
			knownRegions = (
				en,
				Base,
			);
			mainGroup = A2EE237E24D034C900BA6996;
			productRefGroup = A2EE238924D034C900BA6996 /* Products */;
			projectDirPath = "";
			projectRoot = "";
			targets = (
				A2EE238724D034C900BA6996 /* SearchName */,
			);
		};
/* End PBXProject section */

/* Begin PBXResourcesBuildPhase section */
		A2EE238624D034C900BA6996 /* Resources */ = {
			isa = PBXResourcesBuildPhase;
			buildActionMask = 2147483647;
			files = (
			);
			runOnlyForDeploymentPostprocessing = 0;
		};
/* End PBXResourcesBuildPhase section */

/* Begin PBXShellScriptBuildPhase section */
		0878F92C0D7AF7779D6B216F /* [CP] Check Pods Manifest.lock */ = {
			isa = PBXShellScriptBuildPhase;
			buildActionMask = 2147483647;
			files = (
			);
			inputFileListPaths = (
			);
			inputPaths = (
				"${PODS_PODFILE_DIR_PATH}/Podfile.lock",
				"${PODS_ROOT}/Manifest.lock",
			);
			name = "[CP] Check Pods Manifest.lock";
			outputFileListPaths = (
			);
			outputPaths = (
				"$(DERIVED_FILE_DIR)/Pods-SearchName-checkManifestLockResult.txt",
			);
			runOnlyForDeploymentPostprocessing = 0;
			shellPath = /bin/sh;
			shellScript = "diff \"${PODS_PODFILE_DIR_PATH}/Podfile.lock\" \"${PODS_ROOT}/Manifest.lock\" > /dev/null\nif [ $? != 0 ] ; then\n    # print error to STDERR\n    echo \"error: The sandbox is not in sync with the Podfile.lock. Run 'pod install' or update your CocoaPods installation.\" >&2\n    exit 1\nfi\n# This output is used by Xcode 'outputs' to avoid re-running this script phase.\necho \"SUCCESS\" > \"${SCRIPT_OUTPUT_FILE_0}\"\n";
			showEnvVarsInLog = 0;
		};
/* End PBXShellScriptBuildPhase section */

/* Begin PBXSourcesBuildPhase section */
		A2EE238424D034C900BA6996 /* Sources */ = {
			isa = PBXSourcesBuildPhase;
			buildActionMask = 2147483647;
			files = (
				A2EE239424D034D500BA6996 /* Core.swift in Sources */,
				A245893824D1882A0092B0E0 /* CoreViewModel.swift in Sources */,
			);
			runOnlyForDeploymentPostprocessing = 0;
		};
/* End PBXSourcesBuildPhase section */

/* Begin XCBuildConfiguration section */
		A2EE238E24D034C900BA6996 /* Debug */ = {
			isa = XCBuildConfiguration;
			buildSettings = {
				ALWAYS_SEARCH_USER_PATHS = NO;
				CLANG_ANALYZER_NONNULL = YES;
				CLANG_ANALYZER_NUMBER_OBJECT_CONVERSION = YES_AGGRESSIVE;
				CLANG_CXX_LANGUAGE_STANDARD = "gnu++14";
				CLANG_CXX_LIBRARY = "libc++";
				CLANG_ENABLE_MODULES = YES;
				CLANG_ENABLE_OBJC_ARC = YES;
				CLANG_ENABLE_OBJC_WEAK = YES;
				CLANG_WARN_BLOCK_CAPTURE_AUTORELEASING = YES;
				CLANG_WARN_BOOL_CONVERSION = YES;
				CLANG_WARN_COMMA = YES;
				CLANG_WARN_CONSTANT_CONVERSION = YES;
				CLANG_WARN_DEPRECATED_OBJC_IMPLEMENTATIONS = YES;
				CLANG_WARN_DIRECT_OBJC_ISA_USAGE = YES_ERROR;
				CLANG_WARN_DOCUMENTATION_COMMENTS = YES;
				CLANG_WARN_EMPTY_BODY = YES;
				CLANG_WARN_ENUM_CONVERSION = YES;
				CLANG_WARN_INFINITE_RECURSION = YES;
				CLANG_WARN_INT_CONVERSION = YES;
				CLANG_WARN_NON_LITERAL_NULL_CONVERSION = YES;
				CLANG_WARN_OBJC_IMPLICIT_RETAIN_SELF = YES;
				CLANG_WARN_OBJC_LITERAL_CONVERSION = YES;
				CLANG_WARN_OBJC_ROOT_CLASS = YES_ERROR;
				CLANG_WARN_RANGE_LOOP_ANALYSIS = YES;
				CLANG_WARN_STRICT_PROTOTYPES = YES;
				CLANG_WARN_SUSPICIOUS_MOVE = YES;
				CLANG_WARN_UNGUARDED_AVAILABILITY = YES_AGGRESSIVE;
				CLANG_WARN_UNREACHABLE_CODE = YES;
				CLANG_WARN__DUPLICATE_METHOD_MATCH = YES;
				COPY_PHASE_STRIP = NO;
				CURRENT_PROJECT_VERSION = 1;
				DEBUG_INFORMATION_FORMAT = dwarf;
				ENABLE_STRICT_OBJC_MSGSEND = YES;
				ENABLE_TESTABILITY = YES;
				GCC_C_LANGUAGE_STANDARD = gnu11;
				GCC_DYNAMIC_NO_PIC = NO;
				GCC_NO_COMMON_BLOCKS = YES;
				GCC_OPTIMIZATION_LEVEL = 0;
				GCC_PREPROCESSOR_DEFINITIONS = (
					"DEBUG=1",
					"$(inherited)",
				);
				GCC_WARN_64_TO_32_BIT_CONVERSION = YES;
				GCC_WARN_ABOUT_RETURN_TYPE = YES_ERROR;
				GCC_WARN_UNDECLARED_SELECTOR = YES;
				GCC_WARN_UNINITIALIZED_AUTOS = YES_AGGRESSIVE;
				GCC_WARN_UNUSED_FUNCTION = YES;
				GCC_WARN_UNUSED_VARIABLE = YES;
				IPHONEOS_DEPLOYMENT_TARGET = 13.5;
				MTL_ENABLE_DEBUG_INFO = INCLUDE_SOURCE;
				MTL_FAST_MATH = YES;
				ONLY_ACTIVE_ARCH = YES;
				SDKROOT = iphoneos;
				SWIFT_ACTIVE_COMPILATION_CONDITIONS = DEBUG;
				SWIFT_OPTIMIZATION_LEVEL = "-Onone";
				VERSIONING_SYSTEM = "apple-generic";
				VERSION_INFO_PREFIX = "";
			};
			name = Debug;
		};
		A2EE238F24D034C900BA6996 /* Release */ = {
			isa = XCBuildConfiguration;
			buildSettings = {
				ALWAYS_SEARCH_USER_PATHS = NO;
				CLANG_ANALYZER_NONNULL = YES;
				CLANG_ANALYZER_NUMBER_OBJECT_CONVERSION = YES_AGGRESSIVE;
				CLANG_CXX_LANGUAGE_STANDARD = "gnu++14";
				CLANG_CXX_LIBRARY = "libc++";
				CLANG_ENABLE_MODULES = YES;
				CLANG_ENABLE_OBJC_ARC = YES;
				CLANG_ENABLE_OBJC_WEAK = YES;
				CLANG_WARN_BLOCK_CAPTURE_AUTORELEASING = YES;
				CLANG_WARN_BOOL_CONVERSION = YES;
				CLANG_WARN_COMMA = YES;
				CLANG_WARN_CONSTANT_CONVERSION = YES;
				CLANG_WARN_DEPRECATED_OBJC_IMPLEMENTATIONS = YES;
				CLANG_WARN_DIRECT_OBJC_ISA_USAGE = YES_ERROR;
				CLANG_WARN_DOCUMENTATION_COMMENTS = YES;
				CLANG_WARN_EMPTY_BODY = YES;
				CLANG_WARN_ENUM_CONVERSION = YES;
				CLANG_WARN_INFINITE_RECURSION = YES;
				CLANG_WARN_INT_CONVERSION = YES;
				CLANG_WARN_NON_LITERAL_NULL_CONVERSION = YES;
				CLANG_WARN_OBJC_IMPLICIT_RETAIN_SELF = YES;
				CLANG_WARN_OBJC_LITERAL_CONVERSION = YES;
				CLANG_WARN_OBJC_ROOT_CLASS = YES_ERROR;
				CLANG_WARN_RANGE_LOOP_ANALYSIS = YES;
				CLANG_WARN_STRICT_PROTOTYPES = YES;
				CLANG_WARN_SUSPICIOUS_MOVE = YES;
				CLANG_WARN_UNGUARDED_AVAILABILITY = YES_AGGRESSIVE;
				CLANG_WARN_UNREACHABLE_CODE = YES;
				CLANG_WARN__DUPLICATE_METHOD_MATCH = YES;
				COPY_PHASE_STRIP = NO;
				CURRENT_PROJECT_VERSION = 1;
				DEBUG_INFORMATION_FORMAT = "dwarf-with-dsym";
				ENABLE_NS_ASSERTIONS = NO;
				ENABLE_STRICT_OBJC_MSGSEND = YES;
				GCC_C_LANGUAGE_STANDARD = gnu11;
				GCC_NO_COMMON_BLOCKS = YES;
				GCC_WARN_64_TO_32_BIT_CONVERSION = YES;
				GCC_WARN_ABOUT_RETURN_TYPE = YES_ERROR;
				GCC_WARN_UNDECLARED_SELECTOR = YES;
				GCC_WARN_UNINITIALIZED_AUTOS = YES_AGGRESSIVE;
				GCC_WARN_UNUSED_FUNCTION = YES;
				GCC_WARN_UNUSED_VARIABLE = YES;
				IPHONEOS_DEPLOYMENT_TARGET = 13.5;
				MTL_ENABLE_DEBUG_INFO = NO;
				MTL_FAST_MATH = YES;
				SDKROOT = iphoneos;
				SWIFT_COMPILATION_MODE = wholemodule;
				SWIFT_OPTIMIZATION_LEVEL = "-O";
				VALIDATE_PRODUCT = YES;
				VERSIONING_SYSTEM = "apple-generic";
				VERSION_INFO_PREFIX = "";
			};
			name = Release;
		};
		A2EE239124D034C900BA6996 /* Debug */ = {
			isa = XCBuildConfiguration;
			baseConfigurationReference = 58557F3AB80DE991B67D48AF /* Pods-SearchName.debug.xcconfig */;
			buildSettings = {
				CLANG_ENABLE_MODULES = YES;
				CODE_SIGN_STYLE = Automatic;
				DEFINES_MODULE = YES;
				DYLIB_COMPATIBILITY_VERSION = 1;
				DYLIB_CURRENT_VERSION = 1;
				DYLIB_INSTALL_NAME_BASE = "@rpath";
				INFOPLIST_FILE = SearchName/Info.plist;
				INSTALL_PATH = "$(LOCAL_LIBRARY_DIR)/Frameworks";
				LD_RUNPATH_SEARCH_PATHS = (
					"$(inherited)",
					"@executable_path/Frameworks",
					"@loader_path/Frameworks",
				);
				PRODUCT_BUNDLE_IDENTIFIER = com.victorylink.SearchName;
				PRODUCT_NAME = "$(TARGET_NAME:c99extidentifier)";
				SKIP_INSTALL = YES;
				SWIFT_OPTIMIZATION_LEVEL = "-Onone";
				SWIFT_VERSION = 5.0;
				TARGETED_DEVICE_FAMILY = "1,2";
			};
			name = Debug;
		};
		A2EE239224D034C900BA6996 /* Release */ = {
			isa = XCBuildConfiguration;
			baseConfigurationReference = B64242B3C47D92149DF0BD26 /* Pods-SearchName.release.xcconfig */;
			buildSettings = {
				CLANG_ENABLE_MODULES = YES;
				CODE_SIGN_STYLE = Automatic;
				DEFINES_MODULE = YES;
				DYLIB_COMPATIBILITY_VERSION = 1;
				DYLIB_CURRENT_VERSION = 1;
				DYLIB_INSTALL_NAME_BASE = "@rpath";
				INFOPLIST_FILE = SearchName/Info.plist;
				INSTALL_PATH = "$(LOCAL_LIBRARY_DIR)/Frameworks";
				LD_RUNPATH_SEARCH_PATHS = (
					"$(inherited)",
					"@executable_path/Frameworks",
					"@loader_path/Frameworks",
				);
				PRODUCT_BUNDLE_IDENTIFIER = com.victorylink.SearchName;
				PRODUCT_NAME = "$(TARGET_NAME:c99extidentifier)";
				SKIP_INSTALL = YES;
				SWIFT_VERSION = 5.0;
				TARGETED_DEVICE_FAMILY = "1,2";
			};
			name = Release;
		};
/* End XCBuildConfiguration section */

/* Begin XCConfigurationList section */
		A2EE238224D034C900BA6996 /* Build configuration list for PBXProject "SearchName" */ = {
			isa = XCConfigurationList;
			buildConfigurations = (
				A2EE238E24D034C900BA6996 /* Debug */,
				A2EE238F24D034C900BA6996 /* Release */,
			);
			defaultConfigurationIsVisible = 0;
			defaultConfigurationName = Release;
		};
		A2EE239024D034C900BA6996 /* Build configuration list for PBXNativeTarget "SearchName" */ = {
			isa = XCConfigurationList;
			buildConfigurations = (
				A2EE239124D034C900BA6996 /* Debug */,
				A2EE239224D034C900BA6996 /* Release */,
			);
			defaultConfigurationIsVisible = 0;
			defaultConfigurationName = Release;
		};
/* End XCConfigurationList section */
	};
	rootObject = A2EE237F24D034C900BA6996 /* Project object */;
}
