// !$*UTF8*$!
{
	archiveVersion = 1;
	classes = {
	};
	objectVersion = 50;
	objects = {

/* Begin PBXBuildFile section */
		A2EE234F24D0343E00BA6996 /* AppDelegate.swift in Sources */ = {isa = PBXBuildFile; fileRef = A2EE234E24D0343E00BA6996 /* AppDelegate.swift */; };
		A2EE235124D0343E00BA6996 /* SceneDelegate.swift in Sources */ = {isa = PBXBuildFile; fileRef = A2EE235024D0343E00BA6996 /* SceneDelegate.swift */; };
		A2EE235324D0343E00BA6996 /* ViewController.swift in Sources */ = {isa = PBXBuildFile; fileRef = A2EE235224D0343E00BA6996 /* ViewController.swift */; };
		A2EE235624D0343E00BA6996 /* Main.storyboard in Resources */ = {isa = PBXBuildFile; fileRef = A2EE235424D0343E00BA6996 /* Main.storyboard */; };
		A2EE235824D0344000BA6996 /* Assets.xcassets in Resources */ = {isa = PBXBuildFile; fileRef = A2EE235724D0344000BA6996 /* Assets.xcassets */; };
		A2EE235B24D0344000BA6996 /* LaunchScreen.storyboard in Resources */ = {isa = PBXBuildFile; fileRef = A2EE235924D0344000BA6996 /* LaunchScreen.storyboard */; };
		A2EE236624D0344000BA6996 /* ModularityFlickerDemoTests.swift in Sources */ = {isa = PBXBuildFile; fileRef = A2EE236524D0344000BA6996 /* ModularityFlickerDemoTests.swift */; };
		A2EE237124D0344000BA6996 /* ModularityFlickerDemoUITests.swift in Sources */ = {isa = PBXBuildFile; fileRef = A2EE237024D0344000BA6996 /* ModularityFlickerDemoUITests.swift */; };
/* End PBXBuildFile section */

/* Begin PBXContainerItemProxy section */
		A2EE236224D0344000BA6996 /* PBXContainerItemProxy */ = {
			isa = PBXContainerItemProxy;
			containerPortal = A2EE234324D0343E00BA6996 /* Project object */;
			proxyType = 1;
			remoteGlobalIDString = A2EE234A24D0343E00BA6996;
			remoteInfo = ModularityFlickerDemo;
		};
		A2EE236D24D0344000BA6996 /* PBXContainerItemProxy */ = {
			isa = PBXContainerItemProxy;
			containerPortal = A2EE234324D0343E00BA6996 /* Project object */;
			proxyType = 1;
			remoteGlobalIDString = A2EE234A24D0343E00BA6996;
			remoteInfo = ModularityFlickerDemo;
		};
/* End PBXContainerItemProxy section */

/* Begin PBXFileReference section */
		A2EE234B24D0343E00BA6996 /* ModularityFlickerDemo.app */ = {isa = PBXFileReference; explicitFileType = wrapper.application; includeInIndex = 0; path = ModularityFlickerDemo.app; sourceTree = BUILT_PRODUCTS_DIR; };
		A2EE234E24D0343E00BA6996 /* AppDelegate.swift */ = {isa = PBXFileReference; lastKnownFileType = sourcecode.swift; path = AppDelegate.swift; sourceTree = "<group>"; };
		A2EE235024D0343E00BA6996 /* SceneDelegate.swift */ = {isa = PBXFileReference; lastKnownFileType = sourcecode.swift; path = SceneDelegate.swift; sourceTree = "<group>"; };
		A2EE235224D0343E00BA6996 /* ViewController.swift */ = {isa = PBXFileReference; lastKnownFileType = sourcecode.swift; path = ViewController.swift; sourceTree = "<group>"; };
		A2EE235524D0343E00BA6996 /* Base */ = {isa = PBXFileReference; lastKnownFileType = file.storyboard; name = Base; path = Base.lproj/Main.storyboard; sourceTree = "<group>"; };
		A2EE235724D0344000BA6996 /* Assets.xcassets */ = {isa = PBXFileReference; lastKnownFileType = folder.assetcatalog; path = Assets.xcassets; sourceTree = "<group>"; };
		A2EE235A24D0344000BA6996 /* Base */ = {isa = PBXFileReference; lastKnownFileType = file.storyboard; name = Base; path = Base.lproj/LaunchScreen.storyboard; sourceTree = "<group>"; };
		A2EE235C24D0344000BA6996 /* Info.plist */ = {isa = PBXFileReference; lastKnownFileType = text.plist.xml; path = Info.plist; sourceTree = "<group>"; };
		A2EE236124D0344000BA6996 /* ModularityFlickerDemoTests.xctest */ = {isa = PBXFileReference; explicitFileType = wrapper.cfbundle; includeInIndex = 0; path = ModularityFlickerDemoTests.xctest; sourceTree = BUILT_PRODUCTS_DIR; };
		A2EE236524D0344000BA6996 /* ModularityFlickerDemoTests.swift */ = {isa = PBXFileReference; lastKnownFileType = sourcecode.swift; path = ModularityFlickerDemoTests.swift; sourceTree = "<group>"; };
		A2EE236724D0344000BA6996 /* Info.plist */ = {isa = PBXFileReference; lastKnownFileType = text.plist.xml; path = Info.plist; sourceTree = "<group>"; };
		A2EE236C24D0344000BA6996 /* ModularityFlickerDemoUITests.xctest */ = {isa = PBXFileReference; explicitFileType = wrapper.cfbundle; includeInIndex = 0; path = ModularityFlickerDemoUITests.xctest; sourceTree = BUILT_PRODUCTS_DIR; };
		A2EE237024D0344000BA6996 /* ModularityFlickerDemoUITests.swift */ = {isa = PBXFileReference; lastKnownFileType = sourcecode.swift; path = ModularityFlickerDemoUITests.swift; sourceTree = "<group>"; };
		A2EE237224D0344000BA6996 /* Info.plist */ = {isa = PBXFileReference; lastKnownFileType = text.plist.xml; path = Info.plist; sourceTree = "<group>"; };
/* End PBXFileReference section */

/* Begin PBXFrameworksBuildPhase section */
		A2EE234824D0343E00BA6996 /* Frameworks */ = {
			isa = PBXFrameworksBuildPhase;
			buildActionMask = 2147483647;
			files = (
			);
			runOnlyForDeploymentPostprocessing = 0;
		};
		A2EE235E24D0344000BA6996 /* Frameworks */ = {
			isa = PBXFrameworksBuildPhase;
			buildActionMask = 2147483647;
			files = (
			);
			runOnlyForDeploymentPostprocessing = 0;
		};
		A2EE236924D0344000BA6996 /* Frameworks */ = {
			isa = PBXFrameworksBuildPhase;
			buildActionMask = 2147483647;
			files = (
			);
			runOnlyForDeploymentPostprocessing = 0;
		};
/* End PBXFrameworksBuildPhase section */

/* Begin PBXGroup section */
		A2EE234224D0343E00BA6996 = {
			isa = PBXGroup;
			children = (
				A2EE234D24D0343E00BA6996 /* ModularityFlickerDemo */,
				A2EE236424D0344000BA6996 /* ModularityFlickerDemoTests */,
				A2EE236F24D0344000BA6996 /* ModularityFlickerDemoUITests */,
				A2EE234C24D0343E00BA6996 /* Products */,
			);
			sourceTree = "<group>";
		};
		A2EE234C24D0343E00BA6996 /* Products */ = {
			isa = PBXGroup;
			children = (
				A2EE234B24D0343E00BA6996 /* ModularityFlickerDemo.app */,
				A2EE236124D0344000BA6996 /* ModularityFlickerDemoTests.xctest */,
				A2EE236C24D0344000BA6996 /* ModularityFlickerDemoUITests.xctest */,
			);
			name = Products;
			sourceTree = "<group>";
		};
		A2EE234D24D0343E00BA6996 /* ModularityFlickerDemo */ = {
			isa = PBXGroup;
			children = (
				A2EE234E24D0343E00BA6996 /* AppDelegate.swift */,
				A2EE235024D0343E00BA6996 /* SceneDelegate.swift */,
				A2EE235224D0343E00BA6996 /* ViewController.swift */,
				A2EE235424D0343E00BA6996 /* Main.storyboard */,
				A2EE235724D0344000BA6996 /* Assets.xcassets */,
				A2EE235924D0344000BA6996 /* LaunchScreen.storyboard */,
				A2EE235C24D0344000BA6996 /* Info.plist */,
			);
			path = ModularityFlickerDemo;
			sourceTree = "<group>";
		};
		A2EE236424D0344000BA6996 /* ModularityFlickerDemoTests */ = {
			isa = PBXGroup;
			children = (
				A2EE236524D0344000BA6996 /* ModularityFlickerDemoTests.swift */,
				A2EE236724D0344000BA6996 /* Info.plist */,
			);
			path = ModularityFlickerDemoTests;
			sourceTree = "<group>";
		};
		A2EE236F24D0344000BA6996 /* ModularityFlickerDemoUITests */ = {
			isa = PBXGroup;
			children = (
				A2EE237024D0344000BA6996 /* ModularityFlickerDemoUITests.swift */,
				A2EE237224D0344000BA6996 /* Info.plist */,
			);
			path = ModularityFlickerDemoUITests;
			sourceTree = "<group>";
		};
/* End PBXGroup section */

/* Begin PBXNativeTarget section */
		A2EE234A24D0343E00BA6996 /* ModularityFlickerDemo */ = {
			isa = PBXNativeTarget;
			buildConfigurationList = A2EE237524D0344000BA6996 /* Build configuration list for PBXNativeTarget "ModularityFlickerDemo" */;
			buildPhases = (
				A2EE234724D0343E00BA6996 /* Sources */,
				A2EE234824D0343E00BA6996 /* Frameworks */,
				A2EE234924D0343E00BA6996 /* Resources */,
			);
			buildRules = (
			);
			dependencies = (
			);
			name = ModularityFlickerDemo;
			productName = ModularityFlickerDemo;
			productReference = A2EE234B24D0343E00BA6996 /* ModularityFlickerDemo.app */;
			productType = "com.apple.product-type.application";
		};
		A2EE236024D0344000BA6996 /* ModularityFlickerDemoTests */ = {
			isa = PBXNativeTarget;
			buildConfigurationList = A2EE237824D0344000BA6996 /* Build configuration list for PBXNativeTarget "ModularityFlickerDemoTests" */;
			buildPhases = (
				A2EE235D24D0344000BA6996 /* Sources */,
				A2EE235E24D0344000BA6996 /* Frameworks */,
				A2EE235F24D0344000BA6996 /* Resources */,
			);
			buildRules = (
			);
			dependencies = (
				A2EE236324D0344000BA6996 /* PBXTargetDependency */,
			);
			name = ModularityFlickerDemoTests;
			productName = ModularityFlickerDemoTests;
			productReference = A2EE236124D0344000BA6996 /* ModularityFlickerDemoTests.xctest */;
			productType = "com.apple.product-type.bundle.unit-test";
		};
		A2EE236B24D0344000BA6996 /* ModularityFlickerDemoUITests */ = {
			isa = PBXNativeTarget;
			buildConfigurationList = A2EE237B24D0344000BA6996 /* Build configuration list for PBXNativeTarget "ModularityFlickerDemoUITests" */;
			buildPhases = (
				A2EE236824D0344000BA6996 /* Sources */,
				A2EE236924D0344000BA6996 /* Frameworks */,
				A2EE236A24D0344000BA6996 /* Resources */,
			);
			buildRules = (
			);
			dependencies = (
				A2EE236E24D0344000BA6996 /* PBXTargetDependency */,
			);
			name = ModularityFlickerDemoUITests;
			productName = ModularityFlickerDemoUITests;
			productReference = A2EE236C24D0344000BA6996 /* ModularityFlickerDemoUITests.xctest */;
			productType = "com.apple.product-type.bundle.ui-testing";
		};
/* End PBXNativeTarget section */

/* Begin PBXProject section */
		A2EE234324D0343E00BA6996 /* Project object */ = {
			isa = PBXProject;
			attributes = {
				LastSwiftUpdateCheck = 1150;
				LastUpgradeCheck = 1150;
				ORGANIZATIONNAME = "Mohamed Korany";
				TargetAttributes = {
					A2EE234A24D0343E00BA6996 = {
						CreatedOnToolsVersion = 11.5;
					};
					A2EE236024D0344000BA6996 = {
						CreatedOnToolsVersion = 11.5;
						TestTargetID = A2EE234A24D0343E00BA6996;
					};
					A2EE236B24D0344000BA6996 = {
						CreatedOnToolsVersion = 11.5;
						TestTargetID = A2EE234A24D0343E00BA6996;
					};
				};
			};
			buildConfigurationList = A2EE234624D0343E00BA6996 /* Build configuration list for PBXProject "ModularityFlickerDemo" */;
			compatibilityVersion = "Xcode 9.3";
			developmentRegion = en;
			hasScannedForEncodings = 0;
			knownRegions = (
				en,
				Base,
			);
			mainGroup = A2EE234224D0343E00BA6996;
			productRefGroup = A2EE234C24D0343E00BA6996 /* Products */;
			projectDirPath = "";
			projectRoot = "";
			targets = (
				A2EE234A24D0343E00BA6996 /* ModularityFlickerDemo */,
				A2EE236024D0344000BA6996 /* ModularityFlickerDemoTests */,
				A2EE236B24D0344000BA6996 /* ModularityFlickerDemoUITests */,
			);
		};
/* End PBXProject section */

/* Begin PBXResourcesBuildPhase section */
		A2EE234924D0343E00BA6996 /* Resources */ = {
			isa = PBXResourcesBuildPhase;
			buildActionMask = 2147483647;
			files = (
				A2EE235B24D0344000BA6996 /* LaunchScreen.storyboard in Resources */,
				A2EE235824D0344000BA6996 /* Assets.xcassets in Resources */,
				A2EE235624D0343E00BA6996 /* Main.storyboard in Resources */,
			);
			runOnlyForDeploymentPostprocessing = 0;
		};
		A2EE235F24D0344000BA6996 /* Resources */ = {
			isa = PBXResourcesBuildPhase;
			buildActionMask = 2147483647;
			files = (
			);
			runOnlyForDeploymentPostprocessing = 0;
		};
		A2EE236A24D0344000BA6996 /* Resources */ = {
			isa = PBXResourcesBuildPhase;
			buildActionMask = 2147483647;
			files = (
			);
			runOnlyForDeploymentPostprocessing = 0;
		};
/* End PBXResourcesBuildPhase section */

/* Begin PBXSourcesBuildPhase section */
		A2EE234724D0343E00BA6996 /* Sources */ = {
			isa = PBXSourcesBuildPhase;
			buildActionMask = 2147483647;
			files = (
				A2EE235324D0343E00BA6996 /* ViewController.swift in Sources */,
				A2EE234F24D0343E00BA6996 /* AppDelegate.swift in Sources */,
				A2EE235124D0343E00BA6996 /* SceneDelegate.swift in Sources */,
			);
			runOnlyForDeploymentPostprocessing = 0;
		};
		A2EE235D24D0344000BA6996 /* Sources */ = {
			isa = PBXSourcesBuildPhase;
			buildActionMask = 2147483647;
			files = (
				A2EE236624D0344000BA6996 /* ModularityFlickerDemoTests.swift in Sources */,
			);
			runOnlyForDeploymentPostprocessing = 0;
		};
		A2EE236824D0344000BA6996 /* Sources */ = {
			isa = PBXSourcesBuildPhase;
			buildActionMask = 2147483647;
			files = (
				A2EE237124D0344000BA6996 /* ModularityFlickerDemoUITests.swift in Sources */,
			);
			runOnlyForDeploymentPostprocessing = 0;
		};
/* End PBXSourcesBuildPhase section */

/* Begin PBXTargetDependency section */
		A2EE236324D0344000BA6996 /* PBXTargetDependency */ = {
			isa = PBXTargetDependency;
			target = A2EE234A24D0343E00BA6996 /* ModularityFlickerDemo */;
			targetProxy = A2EE236224D0344000BA6996 /* PBXContainerItemProxy */;
		};
		A2EE236E24D0344000BA6996 /* PBXTargetDependency */ = {
			isa = PBXTargetDependency;
			target = A2EE234A24D0343E00BA6996 /* ModularityFlickerDemo */;
			targetProxy = A2EE236D24D0344000BA6996 /* PBXContainerItemProxy */;
		};
/* End PBXTargetDependency section */

/* Begin PBXVariantGroup section */
		A2EE235424D0343E00BA6996 /* Main.storyboard */ = {
			isa = PBXVariantGroup;
			children = (
				A2EE235524D0343E00BA6996 /* Base */,
			);
			name = Main.storyboard;
			sourceTree = "<group>";
		};
		A2EE235924D0344000BA6996 /* LaunchScreen.storyboard */ = {
			isa = PBXVariantGroup;
			children = (
				A2EE235A24D0344000BA6996 /* Base */,
			);
			name = LaunchScreen.storyboard;
			sourceTree = "<group>";
		};
/* End PBXVariantGroup section */

/* Begin XCBuildConfiguration section */
		A2EE237324D0344000BA6996 /* Debug */ = {
			isa = XCBuildConfiguration;
			buildSettings = {
				ALWAYS_SEARCH_USER_PATHS = NO;
				CLANG_ANALYZER_NONNULL = YES;
				CLANG_ANALYZER_NUMBER_OBJECT_CONVERSION = YES_AGGRESSIVE;
				CLANG_CXX_LANGUAGE_STANDARD = "gnu++14";
				CLANG_CXX_LIBRARY = "libc++";
				CLANG_ENABLE_MODULES = YES;
				CLANG_ENABLE_OBJC_ARC = YES;
				CLANG_ENABLE_OBJC_WEAK = YES;
				CLANG_WARN_BLOCK_CAPTURE_AUTORELEASING = YES;
				CLANG_WARN_BOOL_CONVERSION = YES;
				CLANG_WARN_COMMA = YES;
				CLANG_WARN_CONSTANT_CONVERSION = YES;
				CLANG_WARN_DEPRECATED_OBJC_IMPLEMENTATIONS = YES;
				CLANG_WARN_DIRECT_OBJC_ISA_USAGE = YES_ERROR;
				CLANG_WARN_DOCUMENTATION_COMMENTS = YES;
				CLANG_WARN_EMPTY_BODY = YES;
				CLANG_WARN_ENUM_CONVERSION = YES;
				CLANG_WARN_INFINITE_RECURSION = YES;
				CLANG_WARN_INT_CONVERSION = YES;
				CLANG_WARN_NON_LITERAL_NULL_CONVERSION = YES;
				CLANG_WARN_OBJC_IMPLICIT_RETAIN_SELF = YES;
				CLANG_WARN_OBJC_LITERAL_CONVERSION = YES;
				CLANG_WARN_OBJC_ROOT_CLASS = YES_ERROR;
				CLANG_WARN_RANGE_LOOP_ANALYSIS = YES;
				CLANG_WARN_STRICT_PROTOTYPES = YES;
				CLANG_WARN_SUSPICIOUS_MOVE = YES;
				CLANG_WARN_UNGUARDED_AVAILABILITY = YES_AGGRESSIVE;
				CLANG_WARN_UNREACHABLE_CODE = YES;
				CLANG_WARN__DUPLICATE_METHOD_MATCH = YES;
				COPY_PHASE_STRIP = NO;
				DEBUG_INFORMATION_FORMAT = dwarf;
				ENABLE_STRICT_OBJC_MSGSEND = YES;
				ENABLE_TESTABILITY = YES;
				GCC_C_LANGUAGE_STANDARD = gnu11;
				GCC_DYNAMIC_NO_PIC = NO;
				GCC_NO_COMMON_BLOCKS = YES;
				GCC_OPTIMIZATION_LEVEL = 0;
				GCC_PREPROCESSOR_DEFINITIONS = (
					"DEBUG=1",
					"$(inherited)",
				);
				GCC_WARN_64_TO_32_BIT_CONVERSION = YES;
				GCC_WARN_ABOUT_RETURN_TYPE = YES_ERROR;
				GCC_WARN_UNDECLARED_SELECTOR = YES;
				GCC_WARN_UNINITIALIZED_AUTOS = YES_AGGRESSIVE;
				GCC_WARN_UNUSED_FUNCTION = YES;
				GCC_WARN_UNUSED_VARIABLE = YES;
				IPHONEOS_DEPLOYMENT_TARGET = 13.5;
				MTL_ENABLE_DEBUG_INFO = INCLUDE_SOURCE;
				MTL_FAST_MATH = YES;
				ONLY_ACTIVE_ARCH = YES;
				SDKROOT = iphoneos;
				SWIFT_ACTIVE_COMPILATION_CONDITIONS = DEBUG;
				SWIFT_OPTIMIZATION_LEVEL = "-Onone";
			};
			name = Debug;
		};
		A2EE237424D0344000BA6996 /* Release */ = {
			isa = XCBuildConfiguration;
			buildSettings = {
				ALWAYS_SEARCH_USER_PATHS = NO;
				CLANG_ANALYZER_NONNULL = YES;
				CLANG_ANALYZER_NUMBER_OBJECT_CONVERSION = YES_AGGRESSIVE;
				CLANG_CXX_LANGUAGE_STANDARD = "gnu++14";
				CLANG_CXX_LIBRARY = "libc++";
				CLANG_ENABLE_MODULES = YES;
				CLANG_ENABLE_OBJC_ARC = YES;
				CLANG_ENABLE_OBJC_WEAK = YES;
				CLANG_WARN_BLOCK_CAPTURE_AUTORELEASING = YES;
				CLANG_WARN_BOOL_CONVERSION = YES;
				CLANG_WARN_COMMA = YES;
				CLANG_WARN_CONSTANT_CONVERSION = YES;
				CLANG_WARN_DEPRECATED_OBJC_IMPLEMENTATIONS = YES;
				CLANG_WARN_DIRECT_OBJC_ISA_USAGE = YES_ERROR;
				CLANG_WARN_DOCUMENTATION_COMMENTS = YES;
				CLANG_WARN_EMPTY_BODY = YES;
				CLANG_WARN_ENUM_CONVERSION = YES;
				CLANG_WARN_INFINITE_RECURSION = YES;
				CLANG_WARN_INT_CONVERSION = YES;
				CLANG_WARN_NON_LITERAL_NULL_CONVERSION = YES;
				CLANG_WARN_OBJC_IMPLICIT_RETAIN_SELF = YES;
				CLANG_WARN_OBJC_LITERAL_CONVERSION = YES;
				CLANG_WARN_OBJC_ROOT_CLASS = YES_ERROR;
				CLANG_WARN_RANGE_LOOP_ANALYSIS = YES;
				CLANG_WARN_STRICT_PROTOTYPES = YES;
				CLANG_WARN_SUSPICIOUS_MOVE = YES;
				CLANG_WARN_UNGUARDED_AVAILABILITY = YES_AGGRESSIVE;
				CLANG_WARN_UNREACHABLE_CODE = YES;
				CLANG_WARN__DUPLICATE_METHOD_MATCH = YES;
				COPY_PHASE_STRIP = NO;
				DEBUG_INFORMATION_FORMAT = "dwarf-with-dsym";
				ENABLE_NS_ASSERTIONS = NO;
				ENABLE_STRICT_OBJC_MSGSEND = YES;
				GCC_C_LANGUAGE_STANDARD = gnu11;
				GCC_NO_COMMON_BLOCKS = YES;
				GCC_WARN_64_TO_32_BIT_CONVERSION = YES;
				GCC_WARN_ABOUT_RETURN_TYPE = YES_ERROR;
				GCC_WARN_UNDECLARED_SELECTOR = YES;
				GCC_WARN_UNINITIALIZED_AUTOS = YES_AGGRESSIVE;
				GCC_WARN_UNUSED_FUNCTION = YES;
				GCC_WARN_UNUSED_VARIABLE = YES;
				IPHONEOS_DEPLOYMENT_TARGET = 13.5;
				MTL_ENABLE_DEBUG_INFO = NO;
				MTL_FAST_MATH = YES;
				SDKROOT = iphoneos;
				SWIFT_COMPILATION_MODE = wholemodule;
				SWIFT_OPTIMIZATION_LEVEL = "-O";
				VALIDATE_PRODUCT = YES;
			};
			name = Release;
		};
		A2EE237624D0344000BA6996 /* Debug */ = {
			isa = XCBuildConfiguration;
			buildSettings = {
				ASSETCATALOG_COMPILER_APPICON_NAME = AppIcon;
				CODE_SIGN_STYLE = Automatic;
				INFOPLIST_FILE = ModularityFlickerDemo/Info.plist;
				LD_RUNPATH_SEARCH_PATHS = (
					"$(inherited)",
					"@executable_path/Frameworks",
				);
				PRODUCT_BUNDLE_IDENTIFIER = com.victorylink.ModularityFlickerDemo;
				PRODUCT_NAME = "$(TARGET_NAME)";
				SWIFT_VERSION = 5.0;
				TARGETED_DEVICE_FAMILY = "1,2";
			};
			name = Debug;
		};
		A2EE237724D0344000BA6996 /* Release */ = {
			isa = XCBuildConfiguration;
			buildSettings = {
				ASSETCATALOG_COMPILER_APPICON_NAME = AppIcon;
				CODE_SIGN_STYLE = Automatic;
				INFOPLIST_FILE = ModularityFlickerDemo/Info.plist;
				LD_RUNPATH_SEARCH_PATHS = (
					"$(inherited)",
					"@executable_path/Frameworks",
				);
				PRODUCT_BUNDLE_IDENTIFIER = com.victorylink.ModularityFlickerDemo;
				PRODUCT_NAME = "$(TARGET_NAME)";
				SWIFT_VERSION = 5.0;
				TARGETED_DEVICE_FAMILY = "1,2";
			};
			name = Release;
		};
		A2EE237924D0344000BA6996 /* Debug */ = {
			isa = XCBuildConfiguration;
			buildSettings = {
				ALWAYS_EMBED_SWIFT_STANDARD_LIBRARIES = YES;
				BUNDLE_LOADER = "$(TEST_HOST)";
				CODE_SIGN_STYLE = Automatic;
				INFOPLIST_FILE = ModularityFlickerDemoTests/Info.plist;
				IPHONEOS_DEPLOYMENT_TARGET = 13.5;
				LD_RUNPATH_SEARCH_PATHS = (
					"$(inherited)",
					"@executable_path/Frameworks",
					"@loader_path/Frameworks",
				);
				PRODUCT_BUNDLE_IDENTIFIER = com.victorylink.ModularityFlickerDemoTests;
				PRODUCT_NAME = "$(TARGET_NAME)";
				SWIFT_VERSION = 5.0;
				TARGETED_DEVICE_FAMILY = "1,2";
				TEST_HOST = "$(BUILT_PRODUCTS_DIR)/ModularityFlickerDemo.app/ModularityFlickerDemo";
			};
			name = Debug;
		};
		A2EE237A24D0344000BA6996 /* Release */ = {
			isa = XCBuildConfiguration;
			buildSettings = {
				ALWAYS_EMBED_SWIFT_STANDARD_LIBRARIES = YES;
				BUNDLE_LOADER = "$(TEST_HOST)";
				CODE_SIGN_STYLE = Automatic;
				INFOPLIST_FILE = ModularityFlickerDemoTests/Info.plist;
				IPHONEOS_DEPLOYMENT_TARGET = 13.5;
				LD_RUNPATH_SEARCH_PATHS = (
					"$(inherited)",
					"@executable_path/Frameworks",
					"@loader_path/Frameworks",
				);
				PRODUCT_BUNDLE_IDENTIFIER = com.victorylink.ModularityFlickerDemoTests;
				PRODUCT_NAME = "$(TARGET_NAME)";
				SWIFT_VERSION = 5.0;
				TARGETED_DEVICE_FAMILY = "1,2";
				TEST_HOST = "$(BUILT_PRODUCTS_DIR)/ModularityFlickerDemo.app/ModularityFlickerDemo";
			};
			name = Release;
		};
		A2EE237C24D0344000BA6996 /* Debug */ = {
			isa = XCBuildConfiguration;
			buildSettings = {
				ALWAYS_EMBED_SWIFT_STANDARD_LIBRARIES = YES;
				CODE_SIGN_STYLE = Automatic;
				INFOPLIST_FILE = ModularityFlickerDemoUITests/Info.plist;
				LD_RUNPATH_SEARCH_PATHS = (
					"$(inherited)",
					"@executable_path/Frameworks",
					"@loader_path/Frameworks",
				);
				PRODUCT_BUNDLE_IDENTIFIER = com.victorylink.ModularityFlickerDemoUITests;
				PRODUCT_NAME = "$(TARGET_NAME)";
				SWIFT_VERSION = 5.0;
				TARGETED_DEVICE_FAMILY = "1,2";
				TEST_TARGET_NAME = ModularityFlickerDemo;
			};
			name = Debug;
		};
		A2EE237D24D0344000BA6996 /* Release */ = {
			isa = XCBuildConfiguration;
			buildSettings = {
				ALWAYS_EMBED_SWIFT_STANDARD_LIBRARIES = YES;
				CODE_SIGN_STYLE = Automatic;
				INFOPLIST_FILE = ModularityFlickerDemoUITests/Info.plist;
				LD_RUNPATH_SEARCH_PATHS = (
					"$(inherited)",
					"@executable_path/Frameworks",
					"@loader_path/Frameworks",
				);
				PRODUCT_BUNDLE_IDENTIFIER = com.victorylink.ModularityFlickerDemoUITests;
				PRODUCT_NAME = "$(TARGET_NAME)";
				SWIFT_VERSION = 5.0;
				TARGETED_DEVICE_FAMILY = "1,2";
				TEST_TARGET_NAME = ModularityFlickerDemo;
			};
			name = Release;
		};
/* End XCBuildConfiguration section */

/* Begin XCConfigurationList section */
		A2EE234624D0343E00BA6996 /* Build configuration list for PBXProject "ModularityFlickerDemo" */ = {
			isa = XCConfigurationList;
			buildConfigurations = (
				A2EE237324D0344000BA6996 /* Debug */,
				A2EE237424D0344000BA6996 /* Release */,
			);
			defaultConfigurationIsVisible = 0;
			defaultConfigurationName = Release;
		};
		A2EE237524D0344000BA6996 /* Build configuration list for PBXNativeTarget "ModularityFlickerDemo" */ = {
			isa = XCConfigurationList;
			buildConfigurations = (
				A2EE237624D0344000BA6996 /* Debug */,
				A2EE237724D0344000BA6996 /* Release */,
			);
			defaultConfigurationIsVisible = 0;
			defaultConfigurationName = Release;
		};
		A2EE237824D0344000BA6996 /* Build configuration list for PBXNativeTarget "ModularityFlickerDemoTests" */ = {
			isa = XCConfigurationList;
			buildConfigurations = (
				A2EE237924D0344000BA6996 /* Debug */,
				A2EE237A24D0344000BA6996 /* Release */,
			);
			defaultConfigurationIsVisible = 0;
			defaultConfigurationName = Release;
		};
		A2EE237B24D0344000BA6996 /* Build configuration list for PBXNativeTarget "ModularityFlickerDemoUITests" */ = {
			isa = XCConfigurationList;
			buildConfigurations = (
				A2EE237C24D0344000BA6996 /* Debug */,
				A2EE237D24D0344000BA6996 /* Release */,
			);
			defaultConfigurationIsVisible = 0;
			defaultConfigurationName = Release;
		};
/* End XCConfigurationList section */
	};
	rootObject = A2EE234324D0343E00BA6996 /* Project object */;
}
